
Microsoft Visual Studio Solution File, Format Version 12.00
# Visual Studio Version 17
VisualStudioVersion = 17.7.33927.210
MinimumVisualStudioVersion = 10.0.40219.1
Project("{FAE04EC0-301F-11D3-BF4B-00C04F79EFBC}") = "AzurePOC", "AzurePOC.csproj", "{EFB48709-1FC0-4356-AC33-803A9B9F1763}"
EndProject
Global
	GlobalSection(SolutionConfigurationPlatforms) = preSolution
		Debug|Any CPU = Debug|Any CPU
		Release|Any CPU = Release|Any CPU
	EndGlobalSection
	GlobalSection(ProjectConfigurationPlatforms) = postSolution
		{EFB48709-1FC0-4356-AC33-803A9B9F1763}.Debug|Any CPU.ActiveCfg = Debug|Any CPU
		{EFB48709-1FC0-4356-AC33-803A9B9F1763}.Debug|Any CPU.Build.0 = Debug|Any CPU
		{EFB48709-1FC0-4356-AC33-803A9B9F1763}.Release|Any CPU.ActiveCfg = Release|Any CPU
		{EFB48709-1FC0-4356-AC33-803A9B9F1763}.Release|Any CPU.Build.0 = Release|Any CPU
	EndGlobalSection
	GlobalSection(SolutionProperties) = preSolution
		HideSolutionNode = FALSE
	EndGlobalSection
	GlobalSection(ExtensibilityGlobals) = postSolution
		SolutionGuid = {94FD096A-3594-4B9B-B6AF-07C5246B44D1}
	EndGlobalSection
EndGlobal
