
Microsoft Visual Studio Solution File, Format Version 12.00
# Visual Studio Version 17
VisualStudioVersion = 17.7.33927.210
MinimumVisualStudioVersion = 10.0.40219.1
Project("{FAE04EC0-301F-11D3-BF4B-00C04F79EFBC}") = "ConsoleApp1", "ConsoleApp1.csproj", "{5B1DBEB1-A82F-4F78-A612-9111CD46B3B1}"
EndProject
Global
	GlobalSection(SolutionConfigurationPlatforms) = preSolution
		Debug|Any CPU = Debug|Any CPU
		Release|Any CPU = Release|Any CPU
	EndGlobalSection
	GlobalSection(ProjectConfigurationPlatforms) = postSolution
		{5B1DBEB1-A82F-4F78-A612-9111CD46B3B1}.Debug|Any CPU.ActiveCfg = Debug|Any CPU
		{5B1DBEB1-A82F-4F78-A612-9111CD46B3B1}.Debug|Any CPU.Build.0 = Debug|Any CPU
		{5B1DBEB1-A82F-4F78-A612-9111CD46B3B1}.Release|Any CPU.ActiveCfg = Release|Any CPU
		{5B1DBEB1-A82F-4F78-A612-9111CD46B3B1}.Release|Any CPU.Build.0 = Release|Any CPU
	EndGlobalSection
	GlobalSection(SolutionProperties) = preSolution
		HideSolutionNode = FALSE
	EndGlobalSection
	GlobalSection(ExtensibilityGlobals) = postSolution
		SolutionGuid = {E985CC25-0305-4985-A3DF-911B580EA31E}
	EndGlobalSection
EndGlobal
